
Microsoft Visual Studio Solution File, Format Version 12.00
# Visual Studio Version 17
VisualStudioVersion = 17.2.32630.192
MinimumVisualStudioVersion = 10.0.40219.1
Project("{FAE04EC0-301F-11D3-BF4B-00C04F79EFBC}") = "IncreasedMeterLimit", "IncreasedMeterLimit\IncreasedMeterLimit.csproj", "{9B0BE177-7074-45FE-8546-390542D2C122}"
EndProject
Project("{FAE04EC0-301F-11D3-BF4B-00C04F79EFBC}") = "DispenserEdibles", "DispenserEdibles\DispenserEdibles.csproj", "{97F6C548-5246-4A82-89A0-D21B15318BD6}"
EndProject
Project("{FAE04EC0-301F-11D3-BF4B-00C04F79EFBC}") = "NoRadiationExposure", "NoRadiationExposure\NoRadiationExposure.csproj", "{97F6C548-5246-4A82-89A0-D21B15318BD6}"
EndProject
Project("{FAE04EC0-301F-11D3-BF4B-00C04F79EFBC}") = "HysteresisStorage", "HysteresisStorage\HysteresisStorage.csproj", "{97F6C548-5246-4A82-89A0-D21B15318BD6}"
EndProject
Project("{FAE04EC0-301F-11D3-BF4B-00C04F79EFBC}") = "ViolentVolcanoes", "ViolentVolcanoes\ViolentVolcanoes.csproj", "{97F6C548-5246-4A82-89A0-D21B15318BD6}"
EndProject
Project("{FAE04EC0-301F-11D3-BF4B-00C04F79EFBC}") = "SweepZones", "SweepZones\SweepZones.csproj", "{97F6C548-5246-4A82-89A0-D21B15318BD6}"
EndProject
Project("{FAE04EC0-301F-11D3-BF4B-00C04F79EFBC}") = "ConfigurableTimers", "ConfigurableTimers\ConfigurableTimers.csproj", "{97F6C548-5246-4A82-89A0-D21B15318BD6}"
EndProject
Project("{2150E333-8FDC-42A3-9474-1A3956D46DE8}") = "Solution Items", "Solution Items", "{AD2B3220-0943-4E00-8ECA-70D55F1C0D24}"
	ProjectSection(SolutionItems) = preProject
		.gitignore = .gitignore
		README.md = README.md
	EndProjectSection
EndProject
Global
	GlobalSection(SolutionConfigurationPlatforms) = preSolution
		Debug|Any CPU = Debug|Any CPU
		Release|Any CPU = Release|Any CPU
	EndGlobalSection
	GlobalSection(ProjectConfigurationPlatforms) = postSolution
		{9B0BE177-7074-45FE-8546-390542D2C122}.Debug|Any CPU.ActiveCfg = Debug|Any CPU
		{9B0BE177-7074-45FE-8546-390542D2C122}.Debug|Any CPU.Build.0 = Debug|Any CPU
		{9B0BE177-7074-45FE-8546-390542D2C122}.Release|Any CPU.ActiveCfg = Release|Any CPU
		{9B0BE177-7074-45FE-8546-390542D2C122}.Release|Any CPU.Build.0 = Release|Any CPU
		{97F6C548-5246-4A82-89A0-D21B15318BD6}.Debug|Any CPU.ActiveCfg = Debug|Any CPU
		{97F6C548-5246-4A82-89A0-D21B15318BD6}.Debug|Any CPU.Build.0 = Debug|Any CPU
		{97F6C548-5246-4A82-89A0-D21B15318BD6}.Release|Any CPU.ActiveCfg = Release|Any CPU
		{97F6C548-5246-4A82-89A0-D21B15318BD6}.Release|Any CPU.Build.0 = Release|Any CPU
	EndGlobalSection
	GlobalSection(SolutionProperties) = preSolution
		HideSolutionNode = FALSE
	EndGlobalSection
	GlobalSection(ExtensibilityGlobals) = postSolution
		SolutionGuid = {B6084314-4726-4E0D-A525-CDCCEEEC6A21}
	EndGlobalSection
EndGlobal
